
Microsoft Visual Studio Solution File, Format Version 12.00
# Visual Studio 2012
Project("{FAE04EC0-301F-11D3-BF4B-00C04F79EFBC}") = "FireStorm", "FireStorm\FireStorm.csproj", "{E8397872-A3CA-41C8-ADA0-4E08B906C923}"
EndProject
Project("{FAE04EC0-301F-11D3-BF4B-00C04F79EFBC}") = "FireStorm.Web", "FireStorm.Web\FireStorm.Web.csproj", "{B0E4D330-E2CC-4C8F-A52D-B318E905AEBA}"
EndProject
Global
	GlobalSection(SolutionConfigurationPlatforms) = preSolution
		Debug|Any CPU = Debug|Any CPU
		Release|Any CPU = Release|Any CPU
	EndGlobalSection
	GlobalSection(ProjectConfigurationPlatforms) = postSolution
		{E8397872-A3CA-41C8-ADA0-4E08B906C923}.Debug|Any CPU.ActiveCfg = Debug|Any CPU
		{E8397872-A3CA-41C8-ADA0-4E08B906C923}.Debug|Any CPU.Build.0 = Debug|Any CPU
		{E8397872-A3CA-41C8-ADA0-4E08B906C923}.Release|Any CPU.ActiveCfg = Release|Any CPU
		{E8397872-A3CA-41C8-ADA0-4E08B906C923}.Release|Any CPU.Build.0 = Release|Any CPU
		{B0E4D330-E2CC-4C8F-A52D-B318E905AEBA}.Debug|Any CPU.ActiveCfg = Debug|Any CPU
		{B0E4D330-E2CC-4C8F-A52D-B318E905AEBA}.Debug|Any CPU.Build.0 = Debug|Any CPU
		{B0E4D330-E2CC-4C8F-A52D-B318E905AEBA}.Release|Any CPU.ActiveCfg = Release|Any CPU
		{B0E4D330-E2CC-4C8F-A52D-B318E905AEBA}.Release|Any CPU.Build.0 = Release|Any CPU
	EndGlobalSection
	GlobalSection(SolutionProperties) = preSolution
		HideSolutionNode = FALSE
	EndGlobalSection
EndGlobal
